
Microsoft Visual Studio Solution File, Format Version 12.00
# Visual Studio Version 16
VisualStudioVersion = 16.0.30503.244
MinimumVisualStudioVersion = 10.0.40219.1
Project("{9A19103F-16F7-4668-BE54-9A1E7A4F7556}") = "NewFunctionBuilder.Console", "NewFunctionBuilder.Console\NewFunctionBuilder.Console.csproj", "{4C22CA83-7039-4D19-A850-82DB8676D21E}"
EndProject
Project("{9A19103F-16F7-4668-BE54-9A1E7A4F7556}") = "NewFunctionBuilder.Logic", "NewFunctionBuilder.Logic\NewFunctionBuilder.Logic.csproj", "{AD7AAA0A-BDA9-4693-A6BD-2D6F88D7204B}"
EndProject
Project("{9A19103F-16F7-4668-BE54-9A1E7A4F7556}") = "NewFunctionBuilder.Tests", "NewFunctionBuilder.Tests\NewFunctionBuilder.Tests.csproj", "{50D5F36F-F731-427E-9F6C-75F6F1F71858}"
EndProject
Project("{FAE04EC0-301F-11D3-BF4B-00C04F79EFBC}") = "NewFunctionBuilder.WPF", "NewFunctionBuilder.WPF\NewFunctionBuilder.WPF.csproj", "{77425298-E329-4F5B-A3AE-C0E3D3F0DA73}"
EndProject
Global
	GlobalSection(SolutionConfigurationPlatforms) = preSolution
		Debug|Any CPU = Debug|Any CPU
		Release|Any CPU = Release|Any CPU
	EndGlobalSection
	GlobalSection(ProjectConfigurationPlatforms) = postSolution
		{4C22CA83-7039-4D19-A850-82DB8676D21E}.Debug|Any CPU.ActiveCfg = Debug|Any CPU
		{4C22CA83-7039-4D19-A850-82DB8676D21E}.Debug|Any CPU.Build.0 = Debug|Any CPU
		{4C22CA83-7039-4D19-A850-82DB8676D21E}.Release|Any CPU.ActiveCfg = Release|Any CPU
		{4C22CA83-7039-4D19-A850-82DB8676D21E}.Release|Any CPU.Build.0 = Release|Any CPU
		{AD7AAA0A-BDA9-4693-A6BD-2D6F88D7204B}.Debug|Any CPU.ActiveCfg = Debug|Any CPU
		{AD7AAA0A-BDA9-4693-A6BD-2D6F88D7204B}.Debug|Any CPU.Build.0 = Debug|Any CPU
		{AD7AAA0A-BDA9-4693-A6BD-2D6F88D7204B}.Release|Any CPU.ActiveCfg = Release|Any CPU
		{AD7AAA0A-BDA9-4693-A6BD-2D6F88D7204B}.Release|Any CPU.Build.0 = Release|Any CPU
		{50D5F36F-F731-427E-9F6C-75F6F1F71858}.Debug|Any CPU.ActiveCfg = Debug|Any CPU
		{50D5F36F-F731-427E-9F6C-75F6F1F71858}.Debug|Any CPU.Build.0 = Debug|Any CPU
		{50D5F36F-F731-427E-9F6C-75F6F1F71858}.Release|Any CPU.ActiveCfg = Release|Any CPU
		{50D5F36F-F731-427E-9F6C-75F6F1F71858}.Release|Any CPU.Build.0 = Release|Any CPU
		{77425298-E329-4F5B-A3AE-C0E3D3F0DA73}.Debug|Any CPU.ActiveCfg = Debug|Any CPU
		{77425298-E329-4F5B-A3AE-C0E3D3F0DA73}.Debug|Any CPU.Build.0 = Debug|Any CPU
		{77425298-E329-4F5B-A3AE-C0E3D3F0DA73}.Release|Any CPU.ActiveCfg = Release|Any CPU
		{77425298-E329-4F5B-A3AE-C0E3D3F0DA73}.Release|Any CPU.Build.0 = Release|Any CPU
	EndGlobalSection
	GlobalSection(SolutionProperties) = preSolution
		HideSolutionNode = FALSE
	EndGlobalSection
	GlobalSection(ExtensibilityGlobals) = postSolution
		SolutionGuid = {20E0A19F-8FB7-430A-84A1-F151727EE1E2}
	EndGlobalSection
EndGlobal
